// !$*UTF8*$!
{
	archiveVersion = 1;
	classes = {
	};
	objectVersion = 46;
	objects = {

/* Begin PBXBuildFile section */
		3AD8F9071BD250900047C650 /* main.m in Sources */ = {isa = PBXBuildFile; fileRef = 3AD8F9061BD250900047C650 /* main.m */; };
		3AD8F90A1BD250900047C650 /* AppDelegate.m in Sources */ = {isa = PBXBuildFile; fileRef = 3AD8F9091BD250900047C650 /* AppDelegate.m */; };
		3AD8F9121BD250900047C650 /* Assets.xcassets in Resources */ = {isa = PBXBuildFile; fileRef = 3AD8F9111BD250900047C650 /* Assets.xcassets */; };
		3AD8F9151BD250900047C650 /* LaunchScreen.storyboard in Resources */ = {isa = PBXBuildFile; fileRef = 3AD8F9131BD250900047C650 /* LaunchScreen.storyboard */; };
		3AD8F91E1BD266BA0047C650 /* JokesViewController.m in Sources */ = {isa = PBXBuildFile; fileRef = 3AD8F91D1BD266BA0047C650 /* JokesViewController.m */; settings = {ASSET_TAGS = (); }; };
		99F0B54D1BD2775A008A7A4D /* Joke.m in Sources */ = {isa = PBXBuildFile; fileRef = 99F0B54C1BD2775A008A7A4D /* Joke.m */; settings = {ASSET_TAGS = (); }; };
		99F0B5501BD2815B008A7A4D /* Main.storyboard in Resources */ = {isa = PBXBuildFile; fileRef = 99F0B54E1BD2815B008A7A4D /* Main.storyboard */; settings = {ASSET_TAGS = (); }; };
		99F0B5531BD28822008A7A4D /* JokeDetailedViewController.m in Sources */ = {isa = PBXBuildFile; fileRef = 99F0B5521BD28822008A7A4D /* JokeDetailedViewController.m */; settings = {ASSET_TAGS = (); }; };
/* End PBXBuildFile section */

/* Begin PBXFileReference section */
		3AD8F9021BD250900047C650 /* AreYouJoking.app */ = {isa = PBXFileReference; explicitFileType = wrapper.application; includeInIndex = 0; path = AreYouJoking.app; sourceTree = BUILT_PRODUCTS_DIR; };
		3AD8F9061BD250900047C650 /* main.m */ = {isa = PBXFileReference; lastKnownFileType = sourcecode.c.objc; path = main.m; sourceTree = "<group>"; };
		3AD8F9081BD250900047C650 /* AppDelegate.h */ = {isa = PBXFileReference; lastKnownFileType = sourcecode.c.h; path = AppDelegate.h; sourceTree = "<group>"; };
		3AD8F9091BD250900047C650 /* AppDelegate.m */ = {isa = PBXFileReference; lastKnownFileType = sourcecode.c.objc; path = AppDelegate.m; sourceTree = "<group>"; };
		3AD8F9111BD250900047C650 /* Assets.xcassets */ = {isa = PBXFileReference; lastKnownFileType = folder.assetcatalog; path = Assets.xcassets; sourceTree = "<group>"; };
		3AD8F9141BD250900047C650 /* Base */ = {isa = PBXFileReference; lastKnownFileType = file.storyboard; name = Base; path = Base.lproj/LaunchScreen.storyboard; sourceTree = "<group>"; };
		3AD8F9161BD250900047C650 /* Info.plist */ = {isa = PBXFileReference; lastKnownFileType = text.plist.xml; path = Info.plist; sourceTree = "<group>"; };
		3AD8F91C1BD266BA0047C650 /* JokesViewController.h */ = {isa = PBXFileReference; fileEncoding = 4; lastKnownFileType = sourcecode.c.h; path = JokesViewController.h; sourceTree = "<group>"; };
		3AD8F91D1BD266BA0047C650 /* JokesViewController.m */ = {isa = PBXFileReference; fileEncoding = 4; lastKnownFileType = sourcecode.c.objc; path = JokesViewController.m; sourceTree = "<group>"; };
		99F0B54B1BD2775A008A7A4D /* Joke.h */ = {isa = PBXFileReference; fileEncoding = 4; lastKnownFileType = sourcecode.c.h; path = Joke.h; sourceTree = "<group>"; };
		99F0B54C1BD2775A008A7A4D /* Joke.m */ = {isa = PBXFileReference; fileEncoding = 4; lastKnownFileType = sourcecode.c.objc; path = Joke.m; sourceTree = "<group>"; };
		99F0B54F1BD2815B008A7A4D /* Base */ = {isa = PBXFileReference; lastKnownFileType = file.storyboard; name = Base; path = Base.lproj/Main.storyboard; sourceTree = "<group>"; };
		99F0B5511BD28822008A7A4D /* JokeDetailedViewController.h */ = {isa = PBXFileReference; fileEncoding = 4; lastKnownFileType = sourcecode.c.h; path = JokeDetailedViewController.h; sourceTree = "<group>"; };
		99F0B5521BD28822008A7A4D /* JokeDetailedViewController.m */ = {isa = PBXFileReference; fileEncoding = 4; lastKnownFileType = sourcecode.c.objc; path = JokeDetailedViewController.m; sourceTree = "<group>"; };
/* End PBXFileReference section */

/* Begin PBXFrameworksBuildPhase section */
		3AD8F8FF1BD250900047C650 /* Frameworks */ = {
			isa = PBXFrameworksBuildPhase;
			buildActionMask = 2147483647;
			files = (
			);
			runOnlyForDeploymentPostprocessing = 0;
		};
/* End PBXFrameworksBuildPhase section */

/* Begin PBXGroup section */
		3AD8F8F91BD250900047C650 = {
			isa = PBXGroup;
			children = (
				3AD8F9041BD250900047C650 /* AreYouJoking */,
				3AD8F9031BD250900047C650 /* Products */,
			);
			sourceTree = "<group>";
		};
		3AD8F9031BD250900047C650 /* Products */ = {
			isa = PBXGroup;
			children = (
				3AD8F9021BD250900047C650 /* AreYouJoking.app */,
			);
			name = Products;
			sourceTree = "<group>";
		};
		3AD8F9041BD250900047C650 /* AreYouJoking */ = {
			isa = PBXGroup;
			children = (
				3AD8F9081BD250900047C650 /* AppDelegate.h */,
				3AD8F9091BD250900047C650 /* AppDelegate.m */,
				99F0B54E1BD2815B008A7A4D /* Main.storyboard */,
				3AD8F91C1BD266BA0047C650 /* JokesViewController.h */,
				3AD8F91D1BD266BA0047C650 /* JokesViewController.m */,
				99F0B54B1BD2775A008A7A4D /* Joke.h */,
				99F0B54C1BD2775A008A7A4D /* Joke.m */,
				99F0B5511BD28822008A7A4D /* JokeDetailedViewController.h */,
				99F0B5521BD28822008A7A4D /* JokeDetailedViewController.m */,
				3AD8F9111BD250900047C650 /* Assets.xcassets */,
				3AD8F9131BD250900047C650 /* LaunchScreen.storyboard */,
				3AD8F9161BD250900047C650 /* Info.plist */,
				3AD8F9051BD250900047C650 /* Supporting Files */,
			);
			path = AreYouJoking;
			sourceTree = "<group>";
		};
		3AD8F9051BD250900047C650 /* Supporting Files */ = {
			isa = PBXGroup;
			children = (
				3AD8F9061BD250900047C650 /* main.m */,
			);
			name = "Supporting Files";
			sourceTree = "<group>";
		};
/* End PBXGroup section */

/* Begin PBXNativeTarget section */
		3AD8F9011BD250900047C650 /* AreYouJoking */ = {
			isa = PBXNativeTarget;
			buildConfigurationList = 3AD8F9191BD250900047C650 /* Build configuration list for PBXNativeTarget "AreYouJoking" */;
			buildPhases = (
				3AD8F8FE1BD250900047C650 /* Sources */,
				3AD8F8FF1BD250900047C650 /* Frameworks */,
				3AD8F9001BD250900047C650 /* Resources */,
			);
			buildRules = (
			);
			dependencies = (
			);
			name = AreYouJoking;
			productName = AreYouJoking;
			productReference = 3AD8F9021BD250900047C650 /* AreYouJoking.app */;
			productType = "com.apple.product-type.application";
		};
/* End PBXNativeTarget section */

/* Begin PBXProject section */
		3AD8F8FA1BD250900047C650 /* Project object */ = {
			isa = PBXProject;
			attributes = {
				LastUpgradeCheck = 0700;
				ORGANIZATIONNAME = "Oleg Tverdokhleb";
				TargetAttributes = {
					3AD8F9011BD250900047C650 = {
						CreatedOnToolsVersion = 7.0.1;
					};
				};
			};
			buildConfigurationList = 3AD8F8FD1BD250900047C650 /* Build configuration list for PBXProject "AreYouJoking" */;
			compatibilityVersion = "Xcode 3.2";
			developmentRegion = English;
			hasScannedForEncodings = 0;
			knownRegions = (
				en,
				Base,
			);
			mainGroup = 3AD8F8F91BD250900047C650;
			productRefGroup = 3AD8F9031BD250900047C650 /* Products */;
			projectDirPath = "";
			projectRoot = "";
			targets = (
				3AD8F9011BD250900047C650 /* AreYouJoking */,
			);
		};
/* End PBXProject section */

/* Begin PBXResourcesBuildPhase section */
		3AD8F9001BD250900047C650 /* Resources */ = {
			isa = PBXResourcesBuildPhase;
			buildActionMask = 2147483647;
			files = (
				99F0B5501BD2815B008A7A4D /* Main.storyboard in Resources */,
				3AD8F9151BD250900047C650 /* LaunchScreen.storyboard in Resources */,
				3AD8F9121BD250900047C650 /* Assets.xcassets in Resources */,
			);
			runOnlyForDeploymentPostprocessing = 0;
		};
/* End PBXResourcesBuildPhase section */

/* Begin PBXSourcesBuildPhase section */
		3AD8F8FE1BD250900047C650 /* Sources */ = {
			isa = PBXSourcesBuildPhase;
			buildActionMask = 2147483647;
			files = (
				3AD8F90A1BD250900047C650 /* AppDelegate.m in Sources */,
				99F0B5531BD28822008A7A4D /* JokeDetailedViewController.m in Sources */,
				3AD8F9071BD250900047C650 /* main.m in Sources */,
				99F0B54D1BD2775A008A7A4D /* Joke.m in Sources */,
				3AD8F91E1BD266BA0047C650 /* JokesViewController.m in Sources */,
			);
			runOnlyForDeploymentPostprocessing = 0;
		};
/* End PBXSourcesBuildPhase section */

/* Begin PBXVariantGroup section */
		3AD8F9131BD250900047C650 /* LaunchScreen.storyboard */ = {
			isa = PBXVariantGroup;
			children = (
				3AD8F9141BD250900047C650 /* Base */,
			);
			name = LaunchScreen.storyboard;
			sourceTree = "<group>";
		};
		99F0B54E1BD2815B008A7A4D /* Main.storyboard */ = {
			isa = PBXVariantGroup;
			children = (
				99F0B54F1BD2815B008A7A4D /* Base */,
			);
			name = Main.storyboard;
			sourceTree = "<group>";
		};
/* End PBXVariantGroup section */

/* Begin XCBuildConfiguration section */
		3AD8F9171BD250900047C650 /* Debug */ = {
			isa = XCBuildConfiguration;
			buildSettings = {
				ALWAYS_SEARCH_USER_PATHS = NO;
				CLANG_CXX_LANGUAGE_STANDARD = "gnu++0x";
				CLANG_CXX_LIBRARY = "libc++";
				CLANG_ENABLE_MODULES = YES;
				CLANG_ENABLE_OBJC_ARC = YES;
				CLANG_WARN_BOOL_CONVERSION = YES;
				CLANG_WARN_CONSTANT_CONVERSION = YES;
				CLANG_WARN_DIRECT_OBJC_ISA_USAGE = YES_ERROR;
				CLANG_WARN_EMPTY_BODY = YES;
				CLANG_WARN_ENUM_CONVERSION = YES;
				CLANG_WARN_INT_CONVERSION = YES;
				CLANG_WARN_OBJC_ROOT_CLASS = YES_ERROR;
				CLANG_WARN_UNREACHABLE_CODE = YES;
				CLANG_WARN__DUPLICATE_METHOD_MATCH = YES;
				"CODE_SIGN_IDENTITY[sdk=iphoneos*]" = "iPhone Developer";
				COPY_PHASE_STRIP = NO;
				DEBUG_INFORMATION_FORMAT = dwarf;
				ENABLE_STRICT_OBJC_MSGSEND = YES;
				ENABLE_TESTABILITY = YES;
				GCC_C_LANGUAGE_STANDARD = gnu99;
				GCC_DYNAMIC_NO_PIC = NO;
				GCC_NO_COMMON_BLOCKS = YES;
				GCC_OPTIMIZATION_LEVEL = 0;
				GCC_PREPROCESSOR_DEFINITIONS = (
					"DEBUG=1",
					"$(inherited)",
				);
				GCC_WARN_64_TO_32_BIT_CONVERSION = YES;
				GCC_WARN_ABOUT_RETURN_TYPE = YES_ERROR;
				GCC_WARN_UNDECLARED_SELECTOR = YES;
				GCC_WARN_UNINITIALIZED_AUTOS = YES_AGGRESSIVE;
				GCC_WARN_UNUSED_FUNCTION = YES;
				GCC_WARN_UNUSED_VARIABLE = YES;
				IPHONEOS_DEPLOYMENT_TARGET = 9.0;
				MTL_ENABLE_DEBUG_INFO = YES;
				ONLY_ACTIVE_ARCH = YES;
				SDKROOT = iphoneos;
				TARGETED_DEVICE_FAMILY = "1,2";
			};
			name = Debug;
		};
		3AD8F9181BD250900047C650 /* Release */ = {
			isa = XCBuildConfiguration;
			buildSettings = {
				ALWAYS_SEARCH_USER_PATHS = NO;
				CLANG_CXX_LANGUAGE_STANDARD = "gnu++0x";
				CLANG_CXX_LIBRARY = "libc++";
				CLANG_ENABLE_MODULES = YES;
				CLANG_ENABLE_OBJC_ARC = YES;
				CLANG_WARN_BOOL_CONVERSION = YES;
				CLANG_WARN_CONSTANT_CONVERSION = YES;
				CLANG_WARN_DIRECT_OBJC_ISA_USAGE = YES_ERROR;
				CLANG_WARN_EMPTY_BODY = YES;
				CLANG_WARN_ENUM_CONVERSION = YES;
				CLANG_WARN_INT_CONVERSION = YES;
				CLANG_WARN_OBJC_ROOT_CLASS = YES_ERROR;
				CLANG_WARN_UNREACHABLE_CODE = YES;
				CLANG_WARN__DUPLICATE_METHOD_MATCH = YES;
				"CODE_SIGN_IDENTITY[sdk=iphoneos*]" = "iPhone Developer";
				COPY_PHASE_STRIP = NO;
				DEBUG_INFORMATION_FORMAT = "dwarf-with-dsym";
				ENABLE_NS_ASSERTIONS = NO;
				ENABLE_STRICT_OBJC_MSGSEND = YES;
				GCC_C_LANGUAGE_STANDARD = gnu99;
				GCC_NO_COMMON_BLOCKS = YES;
				GCC_WARN_64_TO_32_BIT_CONVERSION = YES;
				GCC_WARN_ABOUT_RETURN_TYPE = YES_ERROR;
				GCC_WARN_UNDECLARED_SELECTOR = YES;
				GCC_WARN_UNINITIALIZED_AUTOS = YES_AGGRESSIVE;
				GCC_WARN_UNUSED_FUNCTION = YES;
				GCC_WARN_UNUSED_VARIABLE = YES;
				IPHONEOS_DEPLOYMENT_TARGET = 9.0;
				MTL_ENABLE_DEBUG_INFO = NO;
				SDKROOT = iphoneos;
				TARGETED_DEVICE_FAMILY = "1,2";
				VALIDATE_PRODUCT = YES;
			};
			name = Release;
		};
		3AD8F91A1BD250900047C650 /* Debug */ = {
			isa = XCBuildConfiguration;
			buildSettings = {
				ASSETCATALOG_COMPILER_APPICON_NAME = AppIcon;
				INFOPLIST_FILE = AreYouJoking/Info.plist;
				LD_RUNPATH_SEARCH_PATHS = "$(inherited) @executable_path/Frameworks";
				PRODUCT_BUNDLE_IDENTIFIER = mrqResto.AreYouJoking;
				PRODUCT_NAME = "$(TARGET_NAME)";
			};
			name = Debug;
		};
		3AD8F91B1BD250900047C650 /* Release */ = {
			isa = XCBuildConfiguration;
			buildSettings = {
				ASSETCATALOG_COMPILER_APPICON_NAME = AppIcon;
				INFOPLIST_FILE = AreYouJoking/Info.plist;
				LD_RUNPATH_SEARCH_PATHS = "$(inherited) @executable_path/Frameworks";
				PRODUCT_BUNDLE_IDENTIFIER = mrqResto.AreYouJoking;
				PRODUCT_NAME = "$(TARGET_NAME)";
			};
			name = Release;
		};
/* End XCBuildConfiguration section */

/* Begin XCConfigurationList section */
		3AD8F8FD1BD250900047C650 /* Build configuration list for PBXProject "AreYouJoking" */ = {
			isa = XCConfigurationList;
			buildConfigurations = (
				3AD8F9171BD250900047C650 /* Debug */,
				3AD8F9181BD250900047C650 /* Release */,
			);
			defaultConfigurationIsVisible = 0;
			defaultConfigurationName = Release;
		};
		3AD8F9191BD250900047C650 /* Build configuration list for PBXNativeTarget "AreYouJoking" */ = {
			isa = XCConfigurationList;
			buildConfigurations = (
				3AD8F91A1BD250900047C650 /* Debug */,
				3AD8F91B1BD250900047C650 /* Release */,
			);
			defaultConfigurationIsVisible = 0;
			defaultConfigurationName = Release;
		};
/* End XCConfigurationList section */
	};
	rootObject = 3AD8F8FA1BD250900047C650 /* Project object */;
}
